
Microsoft Visual Studio Solution File, Format Version 12.00
# Visual Studio 15
Project("{FAE04EC0-301F-11D3-BF4B-00C04F79EFBC}") = "Assembly-CSharp", "Assembly-CSharp.csproj", "{E9BFF29D-D14F-6DB9-D854-F2CF1370E2D7}"
EndProject
Project("{FAE04EC0-301F-11D3-BF4B-00C04F79EFBC}") = "Assembly-CSharp-Editor", "Assembly-CSharp-Editor.csproj", "{242E8A60-BB2A-1FA7-8CFF-18D9020928C9}"
EndProject
Global
	GlobalSection(SolutionConfigurationPlatforms) = preSolution
		Debug|Any CPU = Debug|Any CPU
		Release|Any CPU = Release|Any CPU
	EndGlobalSection
	GlobalSection(ProjectConfigurationPlatforms) = postSolution
		{E9BFF29D-D14F-6DB9-D854-F2CF1370E2D7}.Debug|Any CPU.ActiveCfg = Debug|Any CPU
		{E9BFF29D-D14F-6DB9-D854-F2CF1370E2D7}.Debug|Any CPU.Build.0 = Debug|Any CPU
		{E9BFF29D-D14F-6DB9-D854-F2CF1370E2D7}.Release|Any CPU.ActiveCfg = Release|Any CPU
		{E9BFF29D-D14F-6DB9-D854-F2CF1370E2D7}.Release|Any CPU.Build.0 = Release|Any CPU
		{242E8A60-BB2A-1FA7-8CFF-18D9020928C9}.Debug|Any CPU.ActiveCfg = Debug|Any CPU
		{242E8A60-BB2A-1FA7-8CFF-18D9020928C9}.Debug|Any CPU.Build.0 = Debug|Any CPU
		{242E8A60-BB2A-1FA7-8CFF-18D9020928C9}.Release|Any CPU.ActiveCfg = Release|Any CPU
		{242E8A60-BB2A-1FA7-8CFF-18D9020928C9}.Release|Any CPU.Build.0 = Release|Any CPU
	EndGlobalSection
	GlobalSection(SolutionProperties) = preSolution
		HideSolutionNode = FALSE
	EndGlobalSection
EndGlobal
